
Microsoft Visual Studio Solution File, Format Version 12.00
# Visual Studio 2012
Project("{FAE04EC0-301F-11D3-BF4B-00C04F79EFBC}") = "Positivos y negativos", "Positivos y negativos\Positivos y negativos.csproj", "{83EA8BFF-9DA1-4D42-B699-636973E892EA}"
EndProject
Global
	GlobalSection(SolutionConfigurationPlatforms) = preSolution
		Debug|Any CPU = Debug|Any CPU
		Release|Any CPU = Release|Any CPU
	EndGlobalSection
	GlobalSection(ProjectConfigurationPlatforms) = postSolution
		{83EA8BFF-9DA1-4D42-B699-636973E892EA}.Debug|Any CPU.ActiveCfg = Debug|Any CPU
		{83EA8BFF-9DA1-4D42-B699-636973E892EA}.Debug|Any CPU.Build.0 = Debug|Any CPU
		{83EA8BFF-9DA1-4D42-B699-636973E892EA}.Release|Any CPU.ActiveCfg = Release|Any CPU
		{83EA8BFF-9DA1-4D42-B699-636973E892EA}.Release|Any CPU.Build.0 = Release|Any CPU
	EndGlobalSection
	GlobalSection(SolutionProperties) = preSolution
		HideSolutionNode = FALSE
	EndGlobalSection
EndGlobal
